// !$*UTF8*$!
{
	archiveVersion = 1;
	classes = {
	};
	objectVersion = 55;
	objects = {

/* Begin PBXBuildFile section */
		6F158F5E2814219100CE3DB0 /* mamaputApp.swift in Sources */ = {isa = PBXBuildFile; fileRef = 6F158F5D2814219100CE3DB0 /* mamaputApp.swift */; };
		6F158F602814219100CE3DB0 /* ContentView.swift in Sources */ = {isa = PBXBuildFile; fileRef = 6F158F5F2814219100CE3DB0 /* ContentView.swift */; };
		6F158F622814219500CE3DB0 /* Assets.xcassets in Resources */ = {isa = PBXBuildFile; fileRef = 6F158F612814219500CE3DB0 /* Assets.xcassets */; };
		6F158F652814219500CE3DB0 /* Preview Assets.xcassets in Resources */ = {isa = PBXBuildFile; fileRef = 6F158F642814219500CE3DB0 /* Preview Assets.xcassets */; };
		6F158F6F2814219500CE3DB0 /* mamaputTests.swift in Sources */ = {isa = PBXBuildFile; fileRef = 6F158F6E2814219500CE3DB0 /* mamaputTests.swift */; };
		6F158F792814219500CE3DB0 /* mamaputUITests.swift in Sources */ = {isa = PBXBuildFile; fileRef = 6F158F782814219500CE3DB0 /* mamaputUITests.swift */; };
		6F158F7B2814219500CE3DB0 /* mamaputUITestsLaunchTests.swift in Sources */ = {isa = PBXBuildFile; fileRef = 6F158F7A2814219500CE3DB0 /* mamaputUITestsLaunchTests.swift */; };
		6F158F9028159FD200CE3DB0 /* AppOnboaring.swift in Sources */ = {isa = PBXBuildFile; fileRef = 6F158F8F28159FD200CE3DB0 /* AppOnboaring.swift */; };
		6F158F932815A2AD00CE3DB0 /* Lottie in Frameworks */ = {isa = PBXBuildFile; productRef = 6F158F922815A2AD00CE3DB0 /* Lottie */; };
		6F158F952815ABE300CE3DB0 /* LottieView.swift in Sources */ = {isa = PBXBuildFile; fileRef = 6F158F942815ABE300CE3DB0 /* LottieView.swift */; };
		6F158F9A2815B7A100CE3DB0 /* onboarding4.json in Resources */ = {isa = PBXBuildFile; fileRef = 6F158F962815B7A100CE3DB0 /* onboarding4.json */; };
		6F158F9B2815B7A100CE3DB0 /* onboarding1.json in Resources */ = {isa = PBXBuildFile; fileRef = 6F158F972815B7A100CE3DB0 /* onboarding1.json */; };
		6F158F9C2815B7A100CE3DB0 /* onboarding2.json in Resources */ = {isa = PBXBuildFile; fileRef = 6F158F982815B7A100CE3DB0 /* onboarding2.json */; };
		6F158F9D2815B7A100CE3DB0 /* onboarding3.json in Resources */ = {isa = PBXBuildFile; fileRef = 6F158F992815B7A100CE3DB0 /* onboarding3.json */; };
		6F54F1BE281622FA005FE7A8 /* OnboardingView.swift in Sources */ = {isa = PBXBuildFile; fileRef = 6F54F1BD281622FA005FE7A8 /* OnboardingView.swift */; };
		6F54F1C02816D0D4005FE7A8 /* RecipesListView.swift in Sources */ = {isa = PBXBuildFile; fileRef = 6F54F1BF2816D0D4005FE7A8 /* RecipesListView.swift */; };
		6F54F1C22817339E005FE7A8 /* recipes.json in Resources */ = {isa = PBXBuildFile; fileRef = 6F54F1C12817339E005FE7A8 /* recipes.json */; };
		6F54F1C42817D087005FE7A8 /* Ingredient.swift in Sources */ = {isa = PBXBuildFile; fileRef = 6F54F1C32817D087005FE7A8 /* Ingredient.swift */; };
		6F54F1C62817D10F005FE7A8 /* Recipe.swift in Sources */ = {isa = PBXBuildFile; fileRef = 6F54F1C52817D10F005FE7A8 /* Recipe.swift */; };
		6FCF0FB828269B52008A7DE4 /* RecipeTileView.swift in Sources */ = {isa = PBXBuildFile; fileRef = 6FCF0FB728269B52008A7DE4 /* RecipeTileView.swift */; };
		6FD64AEA285DE1C800BA4CFC /* BackgroundImageView.swift in Sources */ = {isa = PBXBuildFile; fileRef = 6FD64AE9285DE1C800BA4CFC /* BackgroundImageView.swift */; };
		6FD64AEC285DE58700BA4CFC /* RecipeByView.swift in Sources */ = {isa = PBXBuildFile; fileRef = 6FD64AEB285DE58700BA4CFC /* RecipeByView.swift */; };
		6FD64AEE285E0F3700BA4CFC /* DescHeaderView.swift in Sources */ = {isa = PBXBuildFile; fileRef = 6FD64AED285E0F3700BA4CFC /* DescHeaderView.swift */; };
		6FD64AF0285E806400BA4CFC /* IngredientsView.swift in Sources */ = {isa = PBXBuildFile; fileRef = 6FD64AEF285E806400BA4CFC /* IngredientsView.swift */; };
		6FE3FC462820A2BE00F44615 /* JSONFileManager.swift in Sources */ = {isa = PBXBuildFile; fileRef = 6FE3FC452820A2BE00F44615 /* JSONFileManager.swift */; };
		6FE3FC4A2820A9C200F44615 /* BannerView.swift in Sources */ = {isa = PBXBuildFile; fileRef = 6FE3FC492820A9C200F44615 /* BannerView.swift */; };
		6FE3FC4C2820AD9300F44615 /* SearchView.swift in Sources */ = {isa = PBXBuildFile; fileRef = 6FE3FC4B2820AD9300F44615 /* SearchView.swift */; };
/* End PBXBuildFile section */

/* Begin PBXContainerItemProxy section */
		6F158F6B2814219500CE3DB0 /* PBXContainerItemProxy */ = {
			isa = PBXContainerItemProxy;
			containerPortal = 6F158F522814219100CE3DB0 /* Project object */;
			proxyType = 1;
			remoteGlobalIDString = 6F158F592814219100CE3DB0;
			remoteInfo = mamaput;
		};
		6F158F752814219500CE3DB0 /* PBXContainerItemProxy */ = {
			isa = PBXContainerItemProxy;
			containerPortal = 6F158F522814219100CE3DB0 /* Project object */;
			proxyType = 1;
			remoteGlobalIDString = 6F158F592814219100CE3DB0;
			remoteInfo = mamaput;
		};
/* End PBXContainerItemProxy section */

/* Begin PBXFileReference section */
		6F158F5A2814219100CE3DB0 /* mamaput.app */ = {isa = PBXFileReference; explicitFileType = wrapper.application; includeInIndex = 0; path = mamaput.app; sourceTree = BUILT_PRODUCTS_DIR; };
		6F158F5D2814219100CE3DB0 /* mamaputApp.swift */ = {isa = PBXFileReference; lastKnownFileType = sourcecode.swift; path = mamaputApp.swift; sourceTree = "<group>"; };
		6F158F5F2814219100CE3DB0 /* ContentView.swift */ = {isa = PBXFileReference; lastKnownFileType = sourcecode.swift; path = ContentView.swift; sourceTree = "<group>"; };
		6F158F612814219500CE3DB0 /* Assets.xcassets */ = {isa = PBXFileReference; lastKnownFileType = folder.assetcatalog; path = Assets.xcassets; sourceTree = "<group>"; };
		6F158F642814219500CE3DB0 /* Preview Assets.xcassets */ = {isa = PBXFileReference; lastKnownFileType = folder.assetcatalog; path = "Preview Assets.xcassets"; sourceTree = "<group>"; };
		6F158F6A2814219500CE3DB0 /* mamaputTests.xctest */ = {isa = PBXFileReference; explicitFileType = wrapper.cfbundle; includeInIndex = 0; path = mamaputTests.xctest; sourceTree = BUILT_PRODUCTS_DIR; };
		6F158F6E2814219500CE3DB0 /* mamaputTests.swift */ = {isa = PBXFileReference; lastKnownFileType = sourcecode.swift; path = mamaputTests.swift; sourceTree = "<group>"; };
		6F158F742814219500CE3DB0 /* mamaputUITests.xctest */ = {isa = PBXFileReference; explicitFileType = wrapper.cfbundle; includeInIndex = 0; path = mamaputUITests.xctest; sourceTree = BUILT_PRODUCTS_DIR; };
		6F158F782814219500CE3DB0 /* mamaputUITests.swift */ = {isa = PBXFileReference; lastKnownFileType = sourcecode.swift; path = mamaputUITests.swift; sourceTree = "<group>"; };
		6F158F7A2814219500CE3DB0 /* mamaputUITestsLaunchTests.swift */ = {isa = PBXFileReference; lastKnownFileType = sourcecode.swift; path = mamaputUITestsLaunchTests.swift; sourceTree = "<group>"; };
		6F158F8F28159FD200CE3DB0 /* AppOnboaring.swift */ = {isa = PBXFileReference; lastKnownFileType = sourcecode.swift; path = AppOnboaring.swift; sourceTree = "<group>"; };
		6F158F942815ABE300CE3DB0 /* LottieView.swift */ = {isa = PBXFileReference; lastKnownFileType = sourcecode.swift; path = LottieView.swift; sourceTree = "<group>"; };
		6F158F962815B7A100CE3DB0 /* onboarding4.json */ = {isa = PBXFileReference; fileEncoding = 4; lastKnownFileType = text.json; path = onboarding4.json; sourceTree = "<group>"; };
		6F158F972815B7A100CE3DB0 /* onboarding1.json */ = {isa = PBXFileReference; fileEncoding = 4; lastKnownFileType = text.json; path = onboarding1.json; sourceTree = "<group>"; };
		6F158F982815B7A100CE3DB0 /* onboarding2.json */ = {isa = PBXFileReference; fileEncoding = 4; lastKnownFileType = text.json; path = onboarding2.json; sourceTree = "<group>"; };
		6F158F992815B7A100CE3DB0 /* onboarding3.json */ = {isa = PBXFileReference; fileEncoding = 4; lastKnownFileType = text.json; path = onboarding3.json; sourceTree = "<group>"; };
		6F54F1BD281622FA005FE7A8 /* OnboardingView.swift */ = {isa = PBXFileReference; lastKnownFileType = sourcecode.swift; path = OnboardingView.swift; sourceTree = "<group>"; };
		6F54F1BF2816D0D4005FE7A8 /* RecipesListView.swift */ = {isa = PBXFileReference; lastKnownFileType = sourcecode.swift; path = RecipesListView.swift; sourceTree = "<group>"; };
		6F54F1C12817339E005FE7A8 /* recipes.json */ = {isa = PBXFileReference; fileEncoding = 4; lastKnownFileType = text.json; path = recipes.json; sourceTree = "<group>"; };
		6F54F1C32817D087005FE7A8 /* Ingredient.swift */ = {isa = PBXFileReference; lastKnownFileType = sourcecode.swift; path = Ingredient.swift; sourceTree = "<group>"; };
		6F54F1C52817D10F005FE7A8 /* Recipe.swift */ = {isa = PBXFileReference; lastKnownFileType = sourcecode.swift; path = Recipe.swift; sourceTree = "<group>"; };
		6FCF0FB728269B52008A7DE4 /* RecipeTileView.swift */ = {isa = PBXFileReference; lastKnownFileType = sourcecode.swift; path = RecipeTileView.swift; sourceTree = "<group>"; };
		6FD64AE9285DE1C800BA4CFC /* BackgroundImageView.swift */ = {isa = PBXFileReference; lastKnownFileType = sourcecode.swift; path = BackgroundImageView.swift; sourceTree = "<group>"; };
		6FD64AEB285DE58700BA4CFC /* RecipeByView.swift */ = {isa = PBXFileReference; lastKnownFileType = sourcecode.swift; path = RecipeByView.swift; sourceTree = "<group>"; };
		6FD64AED285E0F3700BA4CFC /* DescHeaderView.swift */ = {isa = PBXFileReference; lastKnownFileType = sourcecode.swift; path = DescHeaderView.swift; sourceTree = "<group>"; };
		6FD64AEF285E806400BA4CFC /* IngredientsView.swift */ = {isa = PBXFileReference; lastKnownFileType = sourcecode.swift; path = IngredientsView.swift; sourceTree = "<group>"; };
		6FE3FC452820A2BE00F44615 /* JSONFileManager.swift */ = {isa = PBXFileReference; lastKnownFileType = sourcecode.swift; path = JSONFileManager.swift; sourceTree = "<group>"; };
		6FE3FC492820A9C200F44615 /* BannerView.swift */ = {isa = PBXFileReference; lastKnownFileType = sourcecode.swift; path = BannerView.swift; sourceTree = "<group>"; };
		6FE3FC4B2820AD9300F44615 /* SearchView.swift */ = {isa = PBXFileReference; lastKnownFileType = sourcecode.swift; path = SearchView.swift; sourceTree = "<group>"; };
/* End PBXFileReference section */

/* Begin PBXFrameworksBuildPhase section */
		6F158F572814219100CE3DB0 /* Frameworks */ = {
			isa = PBXFrameworksBuildPhase;
			buildActionMask = 2147483647;
			files = (
				6F158F932815A2AD00CE3DB0 /* Lottie in Frameworks */,
			);
			runOnlyForDeploymentPostprocessing = 0;
		};
		6F158F672814219500CE3DB0 /* Frameworks */ = {
			isa = PBXFrameworksBuildPhase;
			buildActionMask = 2147483647;
			files = (
			);
			runOnlyForDeploymentPostprocessing = 0;
		};
		6F158F712814219500CE3DB0 /* Frameworks */ = {
			isa = PBXFrameworksBuildPhase;
			buildActionMask = 2147483647;
			files = (
			);
			runOnlyForDeploymentPostprocessing = 0;
		};
/* End PBXFrameworksBuildPhase section */

/* Begin PBXGroup section */
		6F158F512814219100CE3DB0 = {
			isa = PBXGroup;
			children = (
				6F158F5C2814219100CE3DB0 /* mamaput */,
				6F158F6D2814219500CE3DB0 /* mamaputTests */,
				6F158F772814219500CE3DB0 /* mamaputUITests */,
				6F158F5B2814219100CE3DB0 /* Products */,
			);
			sourceTree = "<group>";
		};
		6F158F5B2814219100CE3DB0 /* Products */ = {
			isa = PBXGroup;
			children = (
				6F158F5A2814219100CE3DB0 /* mamaput.app */,
				6F158F6A2814219500CE3DB0 /* mamaputTests.xctest */,
				6F158F742814219500CE3DB0 /* mamaputUITests.xctest */,
			);
			name = Products;
			sourceTree = "<group>";
		};
		6F158F5C2814219100CE3DB0 /* mamaput */ = {
			isa = PBXGroup;
			children = (
				6F158F8728159CED00CE3DB0 /* Utils */,
				6F158F8B28159D6400CE3DB0 /* Others */,
				6F158F8828159CF900CE3DB0 /* Resources */,
				6F158F8A28159D1000CE3DB0 /* Models */,
				6F158F8928159D0500CE3DB0 /* Views */,
				6F158F632814219500CE3DB0 /* Preview Content */,
			);
			path = mamaput;
			sourceTree = "<group>";
		};
		6F158F632814219500CE3DB0 /* Preview Content */ = {
			isa = PBXGroup;
			children = (
				6F158F642814219500CE3DB0 /* Preview Assets.xcassets */,
			);
			path = "Preview Content";
			sourceTree = "<group>";
		};
		6F158F6D2814219500CE3DB0 /* mamaputTests */ = {
			isa = PBXGroup;
			children = (
				6F158F6E2814219500CE3DB0 /* mamaputTests.swift */,
			);
			path = mamaputTests;
			sourceTree = "<group>";
		};
		6F158F772814219500CE3DB0 /* mamaputUITests */ = {
			isa = PBXGroup;
			children = (
				6F158F782814219500CE3DB0 /* mamaputUITests.swift */,
				6F158F7A2814219500CE3DB0 /* mamaputUITestsLaunchTests.swift */,
			);
			path = mamaputUITests;
			sourceTree = "<group>";
		};
		6F158F8728159CED00CE3DB0 /* Utils */ = {
			isa = PBXGroup;
			children = (
				6F158F942815ABE300CE3DB0 /* LottieView.swift */,
				6FE3FC452820A2BE00F44615 /* JSONFileManager.swift */,
			);
			path = Utils;
			sourceTree = "<group>";
		};
		6F158F8828159CF900CE3DB0 /* Resources */ = {
			isa = PBXGroup;
			children = (
				6F54F1C12817339E005FE7A8 /* recipes.json */,
				6F158F972815B7A100CE3DB0 /* onboarding1.json */,
				6F158F982815B7A100CE3DB0 /* onboarding2.json */,
				6F158F992815B7A100CE3DB0 /* onboarding3.json */,
				6F158F962815B7A100CE3DB0 /* onboarding4.json */,
			);
			path = Resources;
			sourceTree = "<group>";
		};
		6F158F8928159D0500CE3DB0 /* Views */ = {
			isa = PBXGroup;
			children = (
				6F158F8E28159E4C00CE3DB0 /* OnBoarding */,
				6F158F8D28159DEB00CE3DB0 /* Detail */,
				6F158F8C28159DE300CE3DB0 /* Home */,
				6F158F5F2814219100CE3DB0 /* ContentView.swift */,
			);
			path = Views;
			sourceTree = "<group>";
		};
		6F158F8A28159D1000CE3DB0 /* Models */ = {
			isa = PBXGroup;
			children = (
				6F158F8F28159FD200CE3DB0 /* AppOnboaring.swift */,
				6F54F1C32817D087005FE7A8 /* Ingredient.swift */,
				6F54F1C52817D10F005FE7A8 /* Recipe.swift */,
			);
			path = Models;
			sourceTree = "<group>";
		};
		6F158F8B28159D6400CE3DB0 /* Others */ = {
			isa = PBXGroup;
			children = (
				6F158F5D2814219100CE3DB0 /* mamaputApp.swift */,
				6F158F612814219500CE3DB0 /* Assets.xcassets */,
			);
			path = Others;
			sourceTree = "<group>";
		};
		6F158F8C28159DE300CE3DB0 /* Home */ = {
			isa = PBXGroup;
			children = (
				6F54F1BF2816D0D4005FE7A8 /* RecipesListView.swift */,
				6FE3FC492820A9C200F44615 /* BannerView.swift */,
				6FE3FC4B2820AD9300F44615 /* SearchView.swift */,
				6FCF0FB728269B52008A7DE4 /* RecipeTileView.swift */,
			);
			path = Home;
			sourceTree = "<group>";
		};
		6F158F8D28159DEB00CE3DB0 /* Detail */ = {
			isa = PBXGroup;
			children = (
				6FD64AE9285DE1C800BA4CFC /* BackgroundImageView.swift */,
				6FD64AEB285DE58700BA4CFC /* RecipeByView.swift */,
				6FD64AED285E0F3700BA4CFC /* DescHeaderView.swift */,
				6FD64AEF285E806400BA4CFC /* IngredientsView.swift */,
			);
			path = Detail;
			sourceTree = "<group>";
		};
		6F158F8E28159E4C00CE3DB0 /* OnBoarding */ = {
			isa = PBXGroup;
			children = (
				6F54F1BD281622FA005FE7A8 /* OnboardingView.swift */,
			);
			path = OnBoarding;
			sourceTree = "<group>";
		};
/* End PBXGroup section */

/* Begin PBXNativeTarget section */
		6F158F592814219100CE3DB0 /* mamaput */ = {
			isa = PBXNativeTarget;
			buildConfigurationList = 6F158F7E2814219500CE3DB0 /* Build configuration list for PBXNativeTarget "mamaput" */;
			buildPhases = (
				6F158F562814219100CE3DB0 /* Sources */,
				6F158F572814219100CE3DB0 /* Frameworks */,
				6F158F582814219100CE3DB0 /* Resources */,
			);
			buildRules = (
			);
			dependencies = (
			);
			name = mamaput;
			packageProductDependencies = (
				6F158F922815A2AD00CE3DB0 /* Lottie */,
			);
			productName = mamaput;
			productReference = 6F158F5A2814219100CE3DB0 /* mamaput.app */;
			productType = "com.apple.product-type.application";
		};
		6F158F692814219500CE3DB0 /* mamaputTests */ = {
			isa = PBXNativeTarget;
			buildConfigurationList = 6F158F812814219500CE3DB0 /* Build configuration list for PBXNativeTarget "mamaputTests" */;
			buildPhases = (
				6F158F662814219500CE3DB0 /* Sources */,
				6F158F672814219500CE3DB0 /* Frameworks */,
				6F158F682814219500CE3DB0 /* Resources */,
			);
			buildRules = (
			);
			dependencies = (
				6F158F6C2814219500CE3DB0 /* PBXTargetDependency */,
			);
			name = mamaputTests;
			productName = mamaputTests;
			productReference = 6F158F6A2814219500CE3DB0 /* mamaputTests.xctest */;
			productType = "com.apple.product-type.bundle.unit-test";
		};
		6F158F732814219500CE3DB0 /* mamaputUITests */ = {
			isa = PBXNativeTarget;
			buildConfigurationList = 6F158F842814219500CE3DB0 /* Build configuration list for PBXNativeTarget "mamaputUITests" */;
			buildPhases = (
				6F158F702814219500CE3DB0 /* Sources */,
				6F158F712814219500CE3DB0 /* Frameworks */,
				6F158F722814219500CE3DB0 /* Resources */,
			);
			buildRules = (
			);
			dependencies = (
				6F158F762814219500CE3DB0 /* PBXTargetDependency */,
			);
			name = mamaputUITests;
			productName = mamaputUITests;
			productReference = 6F158F742814219500CE3DB0 /* mamaputUITests.xctest */;
			productType = "com.apple.product-type.bundle.ui-testing";
		};
/* End PBXNativeTarget section */

/* Begin PBXProject section */
		6F158F522814219100CE3DB0 /* Project object */ = {
			isa = PBXProject;
			attributes = {
				BuildIndependentTargetsInParallel = 1;
				LastSwiftUpdateCheck = 1330;
				LastUpgradeCheck = 1330;
				TargetAttributes = {
					6F158F592814219100CE3DB0 = {
						CreatedOnToolsVersion = 13.3.1;
					};
					6F158F692814219500CE3DB0 = {
						CreatedOnToolsVersion = 13.3.1;
						TestTargetID = 6F158F592814219100CE3DB0;
					};
					6F158F732814219500CE3DB0 = {
						CreatedOnToolsVersion = 13.3.1;
						TestTargetID = 6F158F592814219100CE3DB0;
					};
				};
			};
			buildConfigurationList = 6F158F552814219100CE3DB0 /* Build configuration list for PBXProject "mamaput" */;
			compatibilityVersion = "Xcode 13.0";
			developmentRegion = en;
			hasScannedForEncodings = 0;
			knownRegions = (
				en,
				Base,
			);
			mainGroup = 6F158F512814219100CE3DB0;
			packageReferences = (
				6F158F912815A2AD00CE3DB0 /* XCRemoteSwiftPackageReference "lottie-ios" */,
			);
			productRefGroup = 6F158F5B2814219100CE3DB0 /* Products */;
			projectDirPath = "";
			projectRoot = "";
			targets = (
				6F158F592814219100CE3DB0 /* mamaput */,
				6F158F692814219500CE3DB0 /* mamaputTests */,
				6F158F732814219500CE3DB0 /* mamaputUITests */,
			);
		};
/* End PBXProject section */

/* Begin PBXResourcesBuildPhase section */
		6F158F582814219100CE3DB0 /* Resources */ = {
			isa = PBXResourcesBuildPhase;
			buildActionMask = 2147483647;
			files = (
				6F158F9B2815B7A100CE3DB0 /* onboarding1.json in Resources */,
				6F158F652814219500CE3DB0 /* Preview Assets.xcassets in Resources */,
				6F158F9D2815B7A100CE3DB0 /* onboarding3.json in Resources */,
				6F158F622814219500CE3DB0 /* Assets.xcassets in Resources */,
				6F158F9C2815B7A100CE3DB0 /* onboarding2.json in Resources */,
				6F54F1C22817339E005FE7A8 /* recipes.json in Resources */,
				6F158F9A2815B7A100CE3DB0 /* onboarding4.json in Resources */,
			);
			runOnlyForDeploymentPostprocessing = 0;
		};
		6F158F682814219500CE3DB0 /* Resources */ = {
			isa = PBXResourcesBuildPhase;
			buildActionMask = 2147483647;
			files = (
			);
			runOnlyForDeploymentPostprocessing = 0;
		};
		6F158F722814219500CE3DB0 /* Resources */ = {
			isa = PBXResourcesBuildPhase;
			buildActionMask = 2147483647;
			files = (
			);
			runOnlyForDeploymentPostprocessing = 0;
		};
/* End PBXResourcesBuildPhase section */

/* Begin PBXSourcesBuildPhase section */
		6F158F562814219100CE3DB0 /* Sources */ = {
			isa = PBXSourcesBuildPhase;
			buildActionMask = 2147483647;
			files = (
				6FE3FC4A2820A9C200F44615 /* BannerView.swift in Sources */,
				6FD64AEC285DE58700BA4CFC /* RecipeByView.swift in Sources */,
				6FD64AEE285E0F3700BA4CFC /* DescHeaderView.swift in Sources */,
				6F158F602814219100CE3DB0 /* ContentView.swift in Sources */,
				6F158F5E2814219100CE3DB0 /* mamaputApp.swift in Sources */,
				6FE3FC462820A2BE00F44615 /* JSONFileManager.swift in Sources */,
				6F54F1C42817D087005FE7A8 /* Ingredient.swift in Sources */,
				6FD64AF0285E806400BA4CFC /* IngredientsView.swift in Sources */,
				6F54F1C02816D0D4005FE7A8 /* RecipesListView.swift in Sources */,
				6F54F1BE281622FA005FE7A8 /* OnboardingView.swift in Sources */,
				6F158F9028159FD200CE3DB0 /* AppOnboaring.swift in Sources */,
				6FD64AEA285DE1C800BA4CFC /* BackgroundImageView.swift in Sources */,
				6FCF0FB828269B52008A7DE4 /* RecipeTileView.swift in Sources */,
				6F158F952815ABE300CE3DB0 /* LottieView.swift in Sources */,
				6F54F1C62817D10F005FE7A8 /* Recipe.swift in Sources */,
				6FE3FC4C2820AD9300F44615 /* SearchView.swift in Sources */,
			);
			runOnlyForDeploymentPostprocessing = 0;
		};
		6F158F662814219500CE3DB0 /* Sources */ = {
			isa = PBXSourcesBuildPhase;
			buildActionMask = 2147483647;
			files = (
				6F158F6F2814219500CE3DB0 /* mamaputTests.swift in Sources */,
			);
			runOnlyForDeploymentPostprocessing = 0;
		};
		6F158F702814219500CE3DB0 /* Sources */ = {
			isa = PBXSourcesBuildPhase;
			buildActionMask = 2147483647;
			files = (
				6F158F7B2814219500CE3DB0 /* mamaputUITestsLaunchTests.swift in Sources */,
				6F158F792814219500CE3DB0 /* mamaputUITests.swift in Sources */,
			);
			runOnlyForDeploymentPostprocessing = 0;
		};
/* End PBXSourcesBuildPhase section */

/* Begin PBXTargetDependency section */
		6F158F6C2814219500CE3DB0 /* PBXTargetDependency */ = {
			isa = PBXTargetDependency;
			target = 6F158F592814219100CE3DB0 /* mamaput */;
			targetProxy = 6F158F6B2814219500CE3DB0 /* PBXContainerItemProxy */;
		};
		6F158F762814219500CE3DB0 /* PBXTargetDependency */ = {
			isa = PBXTargetDependency;
			target = 6F158F592814219100CE3DB0 /* mamaput */;
			targetProxy = 6F158F752814219500CE3DB0 /* PBXContainerItemProxy */;
		};
/* End PBXTargetDependency section */

/* Begin XCBuildConfiguration section */
		6F158F7C2814219500CE3DB0 /* Debug */ = {
			isa = XCBuildConfiguration;
			buildSettings = {
				ALWAYS_SEARCH_USER_PATHS = NO;
				CLANG_ANALYZER_NONNULL = YES;
				CLANG_ANALYZER_NUMBER_OBJECT_CONVERSION = YES_AGGRESSIVE;
				CLANG_CXX_LANGUAGE_STANDARD = "gnu++17";
				CLANG_ENABLE_MODULES = YES;
				CLANG_ENABLE_OBJC_ARC = YES;
				CLANG_ENABLE_OBJC_WEAK = YES;
				CLANG_WARN_BLOCK_CAPTURE_AUTORELEASING = YES;
				CLANG_WARN_BOOL_CONVERSION = YES;
				CLANG_WARN_COMMA = YES;
				CLANG_WARN_CONSTANT_CONVERSION = YES;
				CLANG_WARN_DEPRECATED_OBJC_IMPLEMENTATIONS = YES;
				CLANG_WARN_DIRECT_OBJC_ISA_USAGE = YES_ERROR;
				CLANG_WARN_DOCUMENTATION_COMMENTS = YES;
				CLANG_WARN_EMPTY_BODY = YES;
				CLANG_WARN_ENUM_CONVERSION = YES;
				CLANG_WARN_INFINITE_RECURSION = YES;
				CLANG_WARN_INT_CONVERSION = YES;
				CLANG_WARN_NON_LITERAL_NULL_CONVERSION = YES;
				CLANG_WARN_OBJC_IMPLICIT_RETAIN_SELF = YES;
				CLANG_WARN_OBJC_LITERAL_CONVERSION = YES;
				CLANG_WARN_OBJC_ROOT_CLASS = YES_ERROR;
				CLANG_WARN_QUOTED_INCLUDE_IN_FRAMEWORK_HEADER = YES;
				CLANG_WARN_RANGE_LOOP_ANALYSIS = YES;
				CLANG_WARN_STRICT_PROTOTYPES = YES;
				CLANG_WARN_SUSPICIOUS_MOVE = YES;
				CLANG_WARN_UNGUARDED_AVAILABILITY = YES_AGGRESSIVE;
				CLANG_WARN_UNREACHABLE_CODE = YES;
				CLANG_WARN__DUPLICATE_METHOD_MATCH = YES;
				COPY_PHASE_STRIP = NO;
				DEBUG_INFORMATION_FORMAT = dwarf;
				ENABLE_STRICT_OBJC_MSGSEND = YES;
				ENABLE_TESTABILITY = YES;
				GCC_C_LANGUAGE_STANDARD = gnu11;
				GCC_DYNAMIC_NO_PIC = NO;
				GCC_NO_COMMON_BLOCKS = YES;
				GCC_OPTIMIZATION_LEVEL = 0;
				GCC_PREPROCESSOR_DEFINITIONS = (
					"DEBUG=1",
					"$(inherited)",
				);
				GCC_WARN_64_TO_32_BIT_CONVERSION = YES;
				GCC_WARN_ABOUT_RETURN_TYPE = YES_ERROR;
				GCC_WARN_UNDECLARED_SELECTOR = YES;
				GCC_WARN_UNINITIALIZED_AUTOS = YES_AGGRESSIVE;
				GCC_WARN_UNUSED_FUNCTION = YES;
				GCC_WARN_UNUSED_VARIABLE = YES;
				IPHONEOS_DEPLOYMENT_TARGET = 15.4;
				MTL_ENABLE_DEBUG_INFO = INCLUDE_SOURCE;
				MTL_FAST_MATH = YES;
				ONLY_ACTIVE_ARCH = YES;
				SDKROOT = iphoneos;
				SWIFT_ACTIVE_COMPILATION_CONDITIONS = DEBUG;
				SWIFT_OPTIMIZATION_LEVEL = "-Onone";
			};
			name = Debug;
		};
		6F158F7D2814219500CE3DB0 /* Release */ = {
			isa = XCBuildConfiguration;
			buildSettings = {
				ALWAYS_SEARCH_USER_PATHS = NO;
				CLANG_ANALYZER_NONNULL = YES;
				CLANG_ANALYZER_NUMBER_OBJECT_CONVERSION = YES_AGGRESSIVE;
				CLANG_CXX_LANGUAGE_STANDARD = "gnu++17";
				CLANG_ENABLE_MODULES = YES;
				CLANG_ENABLE_OBJC_ARC = YES;
				CLANG_ENABLE_OBJC_WEAK = YES;
				CLANG_WARN_BLOCK_CAPTURE_AUTORELEASING = YES;
				CLANG_WARN_BOOL_CONVERSION = YES;
				CLANG_WARN_COMMA = YES;
				CLANG_WARN_CONSTANT_CONVERSION = YES;
				CLANG_WARN_DEPRECATED_OBJC_IMPLEMENTATIONS = YES;
				CLANG_WARN_DIRECT_OBJC_ISA_USAGE = YES_ERROR;
				CLANG_WARN_DOCUMENTATION_COMMENTS = YES;
				CLANG_WARN_EMPTY_BODY = YES;
				CLANG_WARN_ENUM_CONVERSION = YES;
				CLANG_WARN_INFINITE_RECURSION = YES;
				CLANG_WARN_INT_CONVERSION = YES;
				CLANG_WARN_NON_LITERAL_NULL_CONVERSION = YES;
				CLANG_WARN_OBJC_IMPLICIT_RETAIN_SELF = YES;
				CLANG_WARN_OBJC_LITERAL_CONVERSION = YES;
				CLANG_WARN_OBJC_ROOT_CLASS = YES_ERROR;
				CLANG_WARN_QUOTED_INCLUDE_IN_FRAMEWORK_HEADER = YES;
				CLANG_WARN_RANGE_LOOP_ANALYSIS = YES;
				CLANG_WARN_STRICT_PROTOTYPES = YES;
				CLANG_WARN_SUSPICIOUS_MOVE = YES;
				CLANG_WARN_UNGUARDED_AVAILABILITY = YES_AGGRESSIVE;
				CLANG_WARN_UNREACHABLE_CODE = YES;
				CLANG_WARN__DUPLICATE_METHOD_MATCH = YES;
				COPY_PHASE_STRIP = NO;
				DEBUG_INFORMATION_FORMAT = "dwarf-with-dsym";
				ENABLE_NS_ASSERTIONS = NO;
				ENABLE_STRICT_OBJC_MSGSEND = YES;
				GCC_C_LANGUAGE_STANDARD = gnu11;
				GCC_NO_COMMON_BLOCKS = YES;
				GCC_WARN_64_TO_32_BIT_CONVERSION = YES;
				GCC_WARN_ABOUT_RETURN_TYPE = YES_ERROR;
				GCC_WARN_UNDECLARED_SELECTOR = YES;
				GCC_WARN_UNINITIALIZED_AUTOS = YES_AGGRESSIVE;
				GCC_WARN_UNUSED_FUNCTION = YES;
				GCC_WARN_UNUSED_VARIABLE = YES;
				IPHONEOS_DEPLOYMENT_TARGET = 15.4;
				MTL_ENABLE_DEBUG_INFO = NO;
				MTL_FAST_MATH = YES;
				SDKROOT = iphoneos;
				SWIFT_COMPILATION_MODE = wholemodule;
				SWIFT_OPTIMIZATION_LEVEL = "-O";
				VALIDATE_PRODUCT = YES;
			};
			name = Release;
		};
		6F158F7F2814219500CE3DB0 /* Debug */ = {
			isa = XCBuildConfiguration;
			buildSettings = {
				ASSETCATALOG_COMPILER_APPICON_NAME = AppIcon;
				ASSETCATALOG_COMPILER_GLOBAL_ACCENT_COLOR_NAME = AccentColor;
				CODE_SIGN_STYLE = Automatic;
				CURRENT_PROJECT_VERSION = 1;
				DEVELOPMENT_ASSET_PATHS = "\"mamaput/Preview Content\"";
				DEVELOPMENT_TEAM = XNBXPVUVPA;
				ENABLE_PREVIEWS = YES;
				GENERATE_INFOPLIST_FILE = YES;
				INFOPLIST_KEY_UIApplicationSceneManifest_Generation = YES;
				INFOPLIST_KEY_UIApplicationSupportsIndirectInputEvents = YES;
				INFOPLIST_KEY_UILaunchScreen_Generation = YES;
				INFOPLIST_KEY_UISupportedInterfaceOrientations_iPad = "UIInterfaceOrientationPortrait UIInterfaceOrientationPortraitUpsideDown UIInterfaceOrientationLandscapeLeft UIInterfaceOrientationLandscapeRight";
				INFOPLIST_KEY_UISupportedInterfaceOrientations_iPhone = "UIInterfaceOrientationPortrait UIInterfaceOrientationLandscapeLeft UIInterfaceOrientationLandscapeRight";
				LD_RUNPATH_SEARCH_PATHS = (
					"$(inherited)",
					"@executable_path/Frameworks",
				);
				MARKETING_VERSION = 1.0;
				PRODUCT_BUNDLE_IDENTIFIER = com.gunzalez.mamaput;
				PRODUCT_NAME = "$(TARGET_NAME)";
				SWIFT_EMIT_LOC_STRINGS = YES;
				SWIFT_VERSION = 5.0;
				TARGETED_DEVICE_FAMILY = "1,2";
			};
			name = Debug;
		};
		6F158F802814219500CE3DB0 /* Release */ = {
			isa = XCBuildConfiguration;
			buildSettings = {
				ASSETCATALOG_COMPILER_APPICON_NAME = AppIcon;
				ASSETCATALOG_COMPILER_GLOBAL_ACCENT_COLOR_NAME = AccentColor;
				CODE_SIGN_STYLE = Automatic;
				CURRENT_PROJECT_VERSION = 1;
				DEVELOPMENT_ASSET_PATHS = "\"mamaput/Preview Content\"";
				DEVELOPMENT_TEAM = XNBXPVUVPA;
				ENABLE_PREVIEWS = YES;
				GENERATE_INFOPLIST_FILE = YES;
				INFOPLIST_KEY_UIApplicationSceneManifest_Generation = YES;
				INFOPLIST_KEY_UIApplicationSupportsIndirectInputEvents = YES;
				INFOPLIST_KEY_UILaunchScreen_Generation = YES;
				INFOPLIST_KEY_UISupportedInterfaceOrientations_iPad = "UIInterfaceOrientationPortrait UIInterfaceOrientationPortraitUpsideDown UIInterfaceOrientationLandscapeLeft UIInterfaceOrientationLandscapeRight";
				INFOPLIST_KEY_UISupportedInterfaceOrientations_iPhone = "UIInterfaceOrientationPortrait UIInterfaceOrientationLandscapeLeft UIInterfaceOrientationLandscapeRight";
				LD_RUNPATH_SEARCH_PATHS = (
					"$(inherited)",
					"@executable_path/Frameworks",
				);
				MARKETING_VERSION = 1.0;
				PRODUCT_BUNDLE_IDENTIFIER = com.gunzalez.mamaput;
				PRODUCT_NAME = "$(TARGET_NAME)";
				SWIFT_EMIT_LOC_STRINGS = YES;
				SWIFT_VERSION = 5.0;
				TARGETED_DEVICE_FAMILY = "1,2";
			};
			name = Release;
		};
		6F158F822814219500CE3DB0 /* Debug */ = {
			isa = XCBuildConfiguration;
			buildSettings = {
				ALWAYS_EMBED_SWIFT_STANDARD_LIBRARIES = YES;
				BUNDLE_LOADER = "$(TEST_HOST)";
				CODE_SIGN_STYLE = Automatic;
				CURRENT_PROJECT_VERSION = 1;
				DEVELOPMENT_TEAM = XNBXPVUVPA;
				GENERATE_INFOPLIST_FILE = YES;
				IPHONEOS_DEPLOYMENT_TARGET = 15.4;
				MARKETING_VERSION = 1.0;
				PRODUCT_BUNDLE_IDENTIFIER = com.gunzalez.mamaputTests;
				PRODUCT_NAME = "$(TARGET_NAME)";
				SWIFT_EMIT_LOC_STRINGS = NO;
				SWIFT_VERSION = 5.0;
				TARGETED_DEVICE_FAMILY = "1,2";
				TEST_HOST = "$(BUILT_PRODUCTS_DIR)/mamaput.app/mamaput";
			};
			name = Debug;
		};
		6F158F832814219500CE3DB0 /* Release */ = {
			isa = XCBuildConfiguration;
			buildSettings = {
				ALWAYS_EMBED_SWIFT_STANDARD_LIBRARIES = YES;
				BUNDLE_LOADER = "$(TEST_HOST)";
				CODE_SIGN_STYLE = Automatic;
				CURRENT_PROJECT_VERSION = 1;
				DEVELOPMENT_TEAM = XNBXPVUVPA;
				GENERATE_INFOPLIST_FILE = YES;
				IPHONEOS_DEPLOYMENT_TARGET = 15.4;
				MARKETING_VERSION = 1.0;
				PRODUCT_BUNDLE_IDENTIFIER = com.gunzalez.mamaputTests;
				PRODUCT_NAME = "$(TARGET_NAME)";
				SWIFT_EMIT_LOC_STRINGS = NO;
				SWIFT_VERSION = 5.0;
				TARGETED_DEVICE_FAMILY = "1,2";
				TEST_HOST = "$(BUILT_PRODUCTS_DIR)/mamaput.app/mamaput";
			};
			name = Release;
		};
		6F158F852814219500CE3DB0 /* Debug */ = {
			isa = XCBuildConfiguration;
			buildSettings = {
				ALWAYS_EMBED_SWIFT_STANDARD_LIBRARIES = YES;
				CODE_SIGN_STYLE = Automatic;
				CURRENT_PROJECT_VERSION = 1;
				DEVELOPMENT_TEAM = XNBXPVUVPA;
				GENERATE_INFOPLIST_FILE = YES;
				MARKETING_VERSION = 1.0;
				PRODUCT_BUNDLE_IDENTIFIER = com.gunzalez.mamaputUITests;
				PRODUCT_NAME = "$(TARGET_NAME)";
				SWIFT_EMIT_LOC_STRINGS = NO;
				SWIFT_VERSION = 5.0;
				TARGETED_DEVICE_FAMILY = "1,2";
				TEST_TARGET_NAME = mamaput;
			};
			name = Debug;
		};
		6F158F862814219500CE3DB0 /* Release */ = {
			isa = XCBuildConfiguration;
			buildSettings = {
				ALWAYS_EMBED_SWIFT_STANDARD_LIBRARIES = YES;
				CODE_SIGN_STYLE = Automatic;
				CURRENT_PROJECT_VERSION = 1;
				DEVELOPMENT_TEAM = XNBXPVUVPA;
				GENERATE_INFOPLIST_FILE = YES;
				MARKETING_VERSION = 1.0;
				PRODUCT_BUNDLE_IDENTIFIER = com.gunzalez.mamaputUITests;
				PRODUCT_NAME = "$(TARGET_NAME)";
				SWIFT_EMIT_LOC_STRINGS = NO;
				SWIFT_VERSION = 5.0;
				TARGETED_DEVICE_FAMILY = "1,2";
				TEST_TARGET_NAME = mamaput;
			};
			name = Release;
		};
/* End XCBuildConfiguration section */

/* Begin XCConfigurationList section */
		6F158F552814219100CE3DB0 /* Build configuration list for PBXProject "mamaput" */ = {
			isa = XCConfigurationList;
			buildConfigurations = (
				6F158F7C2814219500CE3DB0 /* Debug */,
				6F158F7D2814219500CE3DB0 /* Release */,
			);
			defaultConfigurationIsVisible = 0;
			defaultConfigurationName = Release;
		};
		6F158F7E2814219500CE3DB0 /* Build configuration list for PBXNativeTarget "mamaput" */ = {
			isa = XCConfigurationList;
			buildConfigurations = (
				6F158F7F2814219500CE3DB0 /* Debug */,
				6F158F802814219500CE3DB0 /* Release */,
			);
			defaultConfigurationIsVisible = 0;
			defaultConfigurationName = Release;
		};
		6F158F812814219500CE3DB0 /* Build configuration list for PBXNativeTarget "mamaputTests" */ = {
			isa = XCConfigurationList;
			buildConfigurations = (
				6F158F822814219500CE3DB0 /* Debug */,
				6F158F832814219500CE3DB0 /* Release */,
			);
			defaultConfigurationIsVisible = 0;
			defaultConfigurationName = Release;
		};
		6F158F842814219500CE3DB0 /* Build configuration list for PBXNativeTarget "mamaputUITests" */ = {
			isa = XCConfigurationList;
			buildConfigurations = (
				6F158F852814219500CE3DB0 /* Debug */,
				6F158F862814219500CE3DB0 /* Release */,
			);
			defaultConfigurationIsVisible = 0;
			defaultConfigurationName = Release;
		};
/* End XCConfigurationList section */

/* Begin XCRemoteSwiftPackageReference section */
		6F158F912815A2AD00CE3DB0 /* XCRemoteSwiftPackageReference "lottie-ios" */ = {
			isa = XCRemoteSwiftPackageReference;
			repositoryURL = "https://github.com/airbnb/lottie-ios/";
			requirement = {
				kind = upToNextMajorVersion;
				minimumVersion = 3.0.0;
			};
		};
/* End XCRemoteSwiftPackageReference section */

/* Begin XCSwiftPackageProductDependency section */
		6F158F922815A2AD00CE3DB0 /* Lottie */ = {
			isa = XCSwiftPackageProductDependency;
			package = 6F158F912815A2AD00CE3DB0 /* XCRemoteSwiftPackageReference "lottie-ios" */;
			productName = Lottie;
		};
/* End XCSwiftPackageProductDependency section */
	};
	rootObject = 6F158F522814219100CE3DB0 /* Project object */;
}
